// !$*UTF8*$!
{
	archiveVersion = 1;
	classes = {
	};
	objectVersion = 46;
	objects = {

/* Begin PBXBuildFile section */
		12287C5C1D221CDB0083BA37 /* AppDelegate.swift in Sources */ = {isa = PBXBuildFile; fileRef = 12287C5B1D221CDB0083BA37 /* AppDelegate.swift */; };
		12287C5E1D221CDB0083BA37 /* MainController.swift in Sources */ = {isa = PBXBuildFile; fileRef = 12287C5D1D221CDB0083BA37 /* MainController.swift */; };
		12287C611D221CDB0083BA37 /* Main.storyboard in Resources */ = {isa = PBXBuildFile; fileRef = 12287C5F1D221CDB0083BA37 /* Main.storyboard */; };
		12287C631D221CDB0083BA37 /* Assets.xcassets in Resources */ = {isa = PBXBuildFile; fileRef = 12287C621D221CDB0083BA37 /* Assets.xcassets */; };
		12287C661D221CDB0083BA37 /* LaunchScreen.storyboard in Resources */ = {isa = PBXBuildFile; fileRef = 12287C641D221CDB0083BA37 /* LaunchScreen.storyboard */; };
		12287C711D221CDC0083BA37 /* Assignment2Tests.swift in Sources */ = {isa = PBXBuildFile; fileRef = 12287C701D221CDC0083BA37 /* Assignment2Tests.swift */; };
		12287C7C1D221CDC0083BA37 /* Assignment2UITests.swift in Sources */ = {isa = PBXBuildFile; fileRef = 12287C7B1D221CDC0083BA37 /* Assignment2UITests.swift */; };
		1233B56A1D25B7B000B7C6D0 /* Engine.swift in Sources */ = {isa = PBXBuildFile; fileRef = 1233B5691D25B7B000B7C6D0 /* Engine.swift */; };
		1233B56C1D25CD0400B7C6D0 /* Problem2ViewController.swift in Sources */ = {isa = PBXBuildFile; fileRef = 1233B56B1D25CD0400B7C6D0 /* Problem2ViewController.swift */; };
		1233B56E1D25CD1500B7C6D0 /* Problem3ViewController.swift in Sources */ = {isa = PBXBuildFile; fileRef = 1233B56D1D25CD1500B7C6D0 /* Problem3ViewController.swift */; };
		1233B5701D25CD1E00B7C6D0 /* Problem4ViewController.swift in Sources */ = {isa = PBXBuildFile; fileRef = 1233B56F1D25CD1E00B7C6D0 /* Problem4ViewController.swift */; };
		1233B5721D2AC67000B7C6D0 /* ProblemTwoViewController.swift in Sources */ = {isa = PBXBuildFile; fileRef = 1233B5711D2AC67000B7C6D0 /* ProblemTwoViewController.swift */; };
/* End PBXBuildFile section */

/* Begin PBXContainerItemProxy section */
		12287C6D1D221CDC0083BA37 /* PBXContainerItemProxy */ = {
			isa = PBXContainerItemProxy;
			containerPortal = 12287C501D221CDB0083BA37 /* Project object */;
			proxyType = 1;
			remoteGlobalIDString = 12287C571D221CDB0083BA37;
			remoteInfo = Assignment2;
		};
		12287C781D221CDC0083BA37 /* PBXContainerItemProxy */ = {
			isa = PBXContainerItemProxy;
			containerPortal = 12287C501D221CDB0083BA37 /* Project object */;
			proxyType = 1;
			remoteGlobalIDString = 12287C571D221CDB0083BA37;
			remoteInfo = Assignment2;
		};
/* End PBXContainerItemProxy section */

/* Begin PBXFileReference section */
		12287C581D221CDB0083BA37 /* Assignment2.app */ = {isa = PBXFileReference; explicitFileType = wrapper.application; includeInIndex = 0; path = Assignment2.app; sourceTree = BUILT_PRODUCTS_DIR; };
		12287C5B1D221CDB0083BA37 /* AppDelegate.swift */ = {isa = PBXFileReference; lastKnownFileType = sourcecode.swift; path = AppDelegate.swift; sourceTree = "<group>"; };
		12287C5D1D221CDB0083BA37 /* MainController.swift */ = {isa = PBXFileReference; lastKnownFileType = sourcecode.swift; path = MainController.swift; sourceTree = "<group>"; };
		12287C601D221CDB0083BA37 /* Base */ = {isa = PBXFileReference; lastKnownFileType = file.storyboard; name = Base; path = Base.lproj/Main.storyboard; sourceTree = "<group>"; };
		12287C621D221CDB0083BA37 /* Assets.xcassets */ = {isa = PBXFileReference; lastKnownFileType = folder.assetcatalog; path = Assets.xcassets; sourceTree = "<group>"; };
		12287C651D221CDB0083BA37 /* Base */ = {isa = PBXFileReference; lastKnownFileType = file.storyboard; name = Base; path = Base.lproj/LaunchScreen.storyboard; sourceTree = "<group>"; };
		12287C671D221CDB0083BA37 /* Info.plist */ = {isa = PBXFileReference; lastKnownFileType = text.plist.xml; path = Info.plist; sourceTree = "<group>"; };
		12287C6C1D221CDC0083BA37 /* Assignment2Tests.xctest */ = {isa = PBXFileReference; explicitFileType = wrapper.cfbundle; includeInIndex = 0; path = Assignment2Tests.xctest; sourceTree = BUILT_PRODUCTS_DIR; };
		12287C701D221CDC0083BA37 /* Assignment2Tests.swift */ = {isa = PBXFileReference; lastKnownFileType = sourcecode.swift; path = Assignment2Tests.swift; sourceTree = "<group>"; };
		12287C721D221CDC0083BA37 /* Info.plist */ = {isa = PBXFileReference; lastKnownFileType = text.plist.xml; path = Info.plist; sourceTree = "<group>"; };
		12287C771D221CDC0083BA37 /* Assignment2UITests.xctest */ = {isa = PBXFileReference; explicitFileType = wrapper.cfbundle; includeInIndex = 0; path = Assignment2UITests.xctest; sourceTree = BUILT_PRODUCTS_DIR; };
		12287C7B1D221CDC0083BA37 /* Assignment2UITests.swift */ = {isa = PBXFileReference; lastKnownFileType = sourcecode.swift; path = Assignment2UITests.swift; sourceTree = "<group>"; };
		12287C7D1D221CDC0083BA37 /* Info.plist */ = {isa = PBXFileReference; lastKnownFileType = text.plist.xml; path = Info.plist; sourceTree = "<group>"; };
		1233B5691D25B7B000B7C6D0 /* Engine.swift */ = {isa = PBXFileReference; fileEncoding = 4; lastKnownFileType = sourcecode.swift; path = Engine.swift; sourceTree = "<group>"; };
		1233B56B1D25CD0400B7C6D0 /* Problem2ViewController.swift */ = {isa = PBXFileReference; fileEncoding = 4; lastKnownFileType = sourcecode.swift; path = Problem2ViewController.swift; sourceTree = "<group>"; };
		1233B56D1D25CD1500B7C6D0 /* Problem3ViewController.swift */ = {isa = PBXFileReference; fileEncoding = 4; lastKnownFileType = sourcecode.swift; path = Problem3ViewController.swift; sourceTree = "<group>"; };
		1233B56F1D25CD1E00B7C6D0 /* Problem4ViewController.swift */ = {isa = PBXFileReference; fileEncoding = 4; lastKnownFileType = sourcecode.swift; path = Problem4ViewController.swift; sourceTree = "<group>"; };
		1233B5711D2AC67000B7C6D0 /* ProblemTwoViewController.swift */ = {isa = PBXFileReference; fileEncoding = 4; lastKnownFileType = sourcecode.swift; path = ProblemTwoViewController.swift; sourceTree = "<group>"; };
/* End PBXFileReference section */

/* Begin PBXFrameworksBuildPhase section */
		12287C551D221CDB0083BA37 /* Frameworks */ = {
			isa = PBXFrameworksBuildPhase;
			buildActionMask = 2147483647;
			files = (
			);
			runOnlyForDeploymentPostprocessing = 0;
		};
		12287C691D221CDC0083BA37 /* Frameworks */ = {
			isa = PBXFrameworksBuildPhase;
			buildActionMask = 2147483647;
			files = (
			);
			runOnlyForDeploymentPostprocessing = 0;
		};
		12287C741D221CDC0083BA37 /* Frameworks */ = {
			isa = PBXFrameworksBuildPhase;
			buildActionMask = 2147483647;
			files = (
			);
			runOnlyForDeploymentPostprocessing = 0;
		};
/* End PBXFrameworksBuildPhase section */

/* Begin PBXGroup section */
		12287C4F1D221CDB0083BA37 = {
			isa = PBXGroup;
			children = (
				1233B5691D25B7B000B7C6D0 /* Engine.swift */,
				12287C5A1D221CDB0083BA37 /* Assignment2 */,
				12287C6F1D221CDC0083BA37 /* Assignment2Tests */,
				12287C7A1D221CDC0083BA37 /* Assignment2UITests */,
				12287C591D221CDB0083BA37 /* Products */,
			);
			sourceTree = "<group>";
		};
		12287C591D221CDB0083BA37 /* Products */ = {
			isa = PBXGroup;
			children = (
				12287C581D221CDB0083BA37 /* Assignment2.app */,
				12287C6C1D221CDC0083BA37 /* Assignment2Tests.xctest */,
				12287C771D221CDC0083BA37 /* Assignment2UITests.xctest */,
			);
			name = Products;
			sourceTree = "<group>";
		};
		12287C5A1D221CDB0083BA37 /* Assignment2 */ = {
			isa = PBXGroup;
			children = (
				12287C5B1D221CDB0083BA37 /* AppDelegate.swift */,
				12287C5D1D221CDB0083BA37 /* MainController.swift */,
				1233B5711D2AC67000B7C6D0 /* ProblemTwoViewController.swift */,
				12287C5F1D221CDB0083BA37 /* Main.storyboard */,
				1233B56B1D25CD0400B7C6D0 /* Problem2ViewController.swift */,
				1233B56D1D25CD1500B7C6D0 /* Problem3ViewController.swift */,
				1233B56F1D25CD1E00B7C6D0 /* Problem4ViewController.swift */,
				12287C621D221CDB0083BA37 /* Assets.xcassets */,
				12287C641D221CDB0083BA37 /* LaunchScreen.storyboard */,
				12287C671D221CDB0083BA37 /* Info.plist */,
			);
			path = Assignment2;
			sourceTree = "<group>";
		};
		12287C6F1D221CDC0083BA37 /* Assignment2Tests */ = {
			isa = PBXGroup;
			children = (
				12287C701D221CDC0083BA37 /* Assignment2Tests.swift */,
				12287C721D221CDC0083BA37 /* Info.plist */,
			);
			path = Assignment2Tests;
			sourceTree = "<group>";
		};
		12287C7A1D221CDC0083BA37 /* Assignment2UITests */ = {
			isa = PBXGroup;
			children = (
				12287C7B1D221CDC0083BA37 /* Assignment2UITests.swift */,
				12287C7D1D221CDC0083BA37 /* Info.plist */,
			);
			path = Assignment2UITests;
			sourceTree = "<group>";
		};
/* End PBXGroup section */

/* Begin PBXNativeTarget section */
		12287C571D221CDB0083BA37 /* Assignment2 */ = {
			isa = PBXNativeTarget;
			buildConfigurationList = 12287C801D221CDC0083BA37 /* Build configuration list for PBXNativeTarget "Assignment2" */;
			buildPhases = (
				12287C541D221CDB0083BA37 /* Sources */,
				12287C551D221CDB0083BA37 /* Frameworks */,
				12287C561D221CDB0083BA37 /* Resources */,
			);
			buildRules = (
			);
			dependencies = (
			);
			name = Assignment2;
			productName = Assignment2;
			productReference = 12287C581D221CDB0083BA37 /* Assignment2.app */;
			productType = "com.apple.product-type.application";
		};
		12287C6B1D221CDC0083BA37 /* Assignment2Tests */ = {
			isa = PBXNativeTarget;
			buildConfigurationList = 12287C831D221CDC0083BA37 /* Build configuration list for PBXNativeTarget "Assignment2Tests" */;
			buildPhases = (
				12287C681D221CDC0083BA37 /* Sources */,
				12287C691D221CDC0083BA37 /* Frameworks */,
				12287C6A1D221CDC0083BA37 /* Resources */,
			);
			buildRules = (
			);
			dependencies = (
				12287C6E1D221CDC0083BA37 /* PBXTargetDependency */,
			);
			name = Assignment2Tests;
			productName = Assignment2Tests;
			productReference = 12287C6C1D221CDC0083BA37 /* Assignment2Tests.xctest */;
			productType = "com.apple.product-type.bundle.unit-test";
		};
		12287C761D221CDC0083BA37 /* Assignment2UITests */ = {
			isa = PBXNativeTarget;
			buildConfigurationList = 12287C861D221CDC0083BA37 /* Build configuration list for PBXNativeTarget "Assignment2UITests" */;
			buildPhases = (
				12287C731D221CDC0083BA37 /* Sources */,
				12287C741D221CDC0083BA37 /* Frameworks */,
				12287C751D221CDC0083BA37 /* Resources */,
			);
			buildRules = (
			);
			dependencies = (
				12287C791D221CDC0083BA37 /* PBXTargetDependency */,
			);
			name = Assignment2UITests;
			productName = Assignment2UITests;
			productReference = 12287C771D221CDC0083BA37 /* Assignment2UITests.xctest */;
			productType = "com.apple.product-type.bundle.ui-testing";
		};
/* End PBXNativeTarget section */

/* Begin PBXProject section */
		12287C501D221CDB0083BA37 /* Project object */ = {
			isa = PBXProject;
			attributes = {
				LastSwiftUpdateCheck = 0730;
				LastUpgradeCheck = 0730;
				ORGANIZATIONNAME = "Michael Zhou";
				TargetAttributes = {
					12287C571D221CDB0083BA37 = {
						CreatedOnToolsVersion = 7.3.1;
						DevelopmentTeam = HYEP4874B7;
					};
					12287C6B1D221CDC0083BA37 = {
						CreatedOnToolsVersion = 7.3.1;
						TestTargetID = 12287C571D221CDB0083BA37;
					};
					12287C761D221CDC0083BA37 = {
						CreatedOnToolsVersion = 7.3.1;
						TestTargetID = 12287C571D221CDB0083BA37;
					};
				};
			};
			buildConfigurationList = 12287C531D221CDB0083BA37 /* Build configuration list for PBXProject "Assignment2" */;
			compatibilityVersion = "Xcode 3.2";
			developmentRegion = English;
			hasScannedForEncodings = 0;
			knownRegions = (
				en,
				Base,
			);
			mainGroup = 12287C4F1D221CDB0083BA37;
			productRefGroup = 12287C591D221CDB0083BA37 /* Products */;
			projectDirPath = "";
			projectRoot = "";
			targets = (
				12287C571D221CDB0083BA37 /* Assignment2 */,
				12287C6B1D221CDC0083BA37 /* Assignment2Tests */,
				12287C761D221CDC0083BA37 /* Assignment2UITests */,
			);
		};
/* End PBXProject section */

/* Begin PBXResourcesBuildPhase section */
		12287C561D221CDB0083BA37 /* Resources */ = {
			isa = PBXResourcesBuildPhase;
			buildActionMask = 2147483647;
			files = (
				12287C661D221CDB0083BA37 /* LaunchScreen.storyboard in Resources */,
				12287C631D221CDB0083BA37 /* Assets.xcassets in Resources */,
				12287C611D221CDB0083BA37 /* Main.storyboard in Resources */,
			);
			runOnlyForDeploymentPostprocessing = 0;
		};
		12287C6A1D221CDC0083BA37 /* Resources */ = {
			isa = PBXResourcesBuildPhase;
			buildActionMask = 2147483647;
			files = (
			);
			runOnlyForDeploymentPostprocessing = 0;
		};
		12287C751D221CDC0083BA37 /* Resources */ = {
			isa = PBXResourcesBuildPhase;
			buildActionMask = 2147483647;
			files = (
			);
			runOnlyForDeploymentPostprocessing = 0;
		};
/* End PBXResourcesBuildPhase section */

/* Begin PBXSourcesBuildPhase section */
		12287C541D221CDB0083BA37 /* Sources */ = {
			isa = PBXSourcesBuildPhase;
			buildActionMask = 2147483647;
			files = (
				1233B56A1D25B7B000B7C6D0 /* Engine.swift in Sources */,
				1233B56E1D25CD1500B7C6D0 /* Problem3ViewController.swift in Sources */,
				1233B56C1D25CD0400B7C6D0 /* Problem2ViewController.swift in Sources */,
				1233B5701D25CD1E00B7C6D0 /* Problem4ViewController.swift in Sources */,
				12287C5E1D221CDB0083BA37 /* MainController.swift in Sources */,
				1233B5721D2AC67000B7C6D0 /* ProblemTwoViewController.swift in Sources */,
				12287C5C1D221CDB0083BA37 /* AppDelegate.swift in Sources */,
			);
			runOnlyForDeploymentPostprocessing = 0;
		};
		12287C681D221CDC0083BA37 /* Sources */ = {
			isa = PBXSourcesBuildPhase;
			buildActionMask = 2147483647;
			files = (
				12287C711D221CDC0083BA37 /* Assignment2Tests.swift in Sources */,
			);
			runOnlyForDeploymentPostprocessing = 0;
		};
		12287C731D221CDC0083BA37 /* Sources */ = {
			isa = PBXSourcesBuildPhase;
			buildActionMask = 2147483647;
			files = (
				12287C7C1D221CDC0083BA37 /* Assignment2UITests.swift in Sources */,
			);
			runOnlyForDeploymentPostprocessing = 0;
		};
/* End PBXSourcesBuildPhase section */

/* Begin PBXTargetDependency section */
		12287C6E1D221CDC0083BA37 /* PBXTargetDependency */ = {
			isa = PBXTargetDependency;
			target = 12287C571D221CDB0083BA37 /* Assignment2 */;
			targetProxy = 12287C6D1D221CDC0083BA37 /* PBXContainerItemProxy */;
		};
		12287C791D221CDC0083BA37 /* PBXTargetDependency */ = {
			isa = PBXTargetDependency;
			target = 12287C571D221CDB0083BA37 /* Assignment2 */;
			targetProxy = 12287C781D221CDC0083BA37 /* PBXContainerItemProxy */;
		};
/* End PBXTargetDependency section */

/* Begin PBXVariantGroup section */
		12287C5F1D221CDB0083BA37 /* Main.storyboard */ = {
			isa = PBXVariantGroup;
			children = (
				12287C601D221CDB0083BA37 /* Base */,
			);
			name = Main.storyboard;
			sourceTree = "<group>";
		};
		12287C641D221CDB0083BA37 /* LaunchScreen.storyboard */ = {
			isa = PBXVariantGroup;
			children = (
				12287C651D221CDB0083BA37 /* Base */,
			);
			name = LaunchScreen.storyboard;
			sourceTree = "<group>";
		};
/* End PBXVariantGroup section */

/* Begin XCBuildConfiguration section */
		12287C7E1D221CDC0083BA37 /* Debug */ = {
			isa = XCBuildConfiguration;
			buildSettings = {
				ALWAYS_SEARCH_USER_PATHS = NO;
				CLANG_ANALYZER_NONNULL = YES;
				CLANG_CXX_LANGUAGE_STANDARD = "gnu++0x";
				CLANG_CXX_LIBRARY = "libc++";
				CLANG_ENABLE_MODULES = YES;
				CLANG_ENABLE_OBJC_ARC = YES;
				CLANG_WARN_BOOL_CONVERSION = YES;
				CLANG_WARN_CONSTANT_CONVERSION = YES;
				CLANG_WARN_DIRECT_OBJC_ISA_USAGE = YES_ERROR;
				CLANG_WARN_EMPTY_BODY = YES;
				CLANG_WARN_ENUM_CONVERSION = YES;
				CLANG_WARN_INT_CONVERSION = YES;
				CLANG_WARN_OBJC_ROOT_CLASS = YES_ERROR;
				CLANG_WARN_UNREACHABLE_CODE = YES;
				CLANG_WARN__DUPLICATE_METHOD_MATCH = YES;
				"CODE_SIGN_IDENTITY[sdk=iphoneos*]" = "iPhone Developer";
				COPY_PHASE_STRIP = NO;
				DEBUG_INFORMATION_FORMAT = dwarf;
				ENABLE_STRICT_OBJC_MSGSEND = YES;
				ENABLE_TESTABILITY = YES;
				GCC_C_LANGUAGE_STANDARD = gnu99;
				GCC_DYNAMIC_NO_PIC = NO;
				GCC_NO_COMMON_BLOCKS = YES;
				GCC_OPTIMIZATION_LEVEL = 0;
				GCC_PREPROCESSOR_DEFINITIONS = (
					"DEBUG=1",
					"$(inherited)",
				);
				GCC_WARN_64_TO_32_BIT_CONVERSION = YES;
				GCC_WARN_ABOUT_RETURN_TYPE = YES_ERROR;
				GCC_WARN_UNDECLARED_SELECTOR = YES;
				GCC_WARN_UNINITIALIZED_AUTOS = YES_AGGRESSIVE;
				GCC_WARN_UNUSED_FUNCTION = YES;
				GCC_WARN_UNUSED_VARIABLE = YES;
				IPHONEOS_DEPLOYMENT_TARGET = 9.3;
				MTL_ENABLE_DEBUG_INFO = YES;
				ONLY_ACTIVE_ARCH = YES;
				SDKROOT = iphoneos;
				SWIFT_OPTIMIZATION_LEVEL = "-Onone";
				TARGETED_DEVICE_FAMILY = "1,2";
			};
			name = Debug;
		};
		12287C7F1D221CDC0083BA37 /* Release */ = {
			isa = XCBuildConfiguration;
			buildSettings = {
				ALWAYS_SEARCH_USER_PATHS = NO;
				CLANG_ANALYZER_NONNULL = YES;
				CLANG_CXX_LANGUAGE_STANDARD = "gnu++0x";
				CLANG_CXX_LIBRARY = "libc++";
				CLANG_ENABLE_MODULES = YES;
				CLANG_ENABLE_OBJC_ARC = YES;
				CLANG_WARN_BOOL_CONVERSION = YES;
				CLANG_WARN_CONSTANT_CONVERSION = YES;
				CLANG_WARN_DIRECT_OBJC_ISA_USAGE = YES_ERROR;
				CLANG_WARN_EMPTY_BODY = YES;
				CLANG_WARN_ENUM_CONVERSION = YES;
				CLANG_WARN_INT_CONVERSION = YES;
				CLANG_WARN_OBJC_ROOT_CLASS = YES_ERROR;
				CLANG_WARN_UNREACHABLE_CODE = YES;
				CLANG_WARN__DUPLICATE_METHOD_MATCH = YES;
				"CODE_SIGN_IDENTITY[sdk=iphoneos*]" = "iPhone Developer";
				COPY_PHASE_STRIP = NO;
				DEBUG_INFORMATION_FORMAT = "dwarf-with-dsym";
				ENABLE_NS_ASSERTIONS = NO;
				ENABLE_STRICT_OBJC_MSGSEND = YES;
				GCC_C_LANGUAGE_STANDARD = gnu99;
				GCC_NO_COMMON_BLOCKS = YES;
				GCC_WARN_64_TO_32_BIT_CONVERSION = YES;
				GCC_WARN_ABOUT_RETURN_TYPE = YES_ERROR;
				GCC_WARN_UNDECLARED_SELECTOR = YES;
				GCC_WARN_UNINITIALIZED_AUTOS = YES_AGGRESSIVE;
				GCC_WARN_UNUSED_FUNCTION = YES;
				GCC_WARN_UNUSED_VARIABLE = YES;
				IPHONEOS_DEPLOYMENT_TARGET = 9.3;
				MTL_ENABLE_DEBUG_INFO = NO;
				SDKROOT = iphoneos;
				TARGETED_DEVICE_FAMILY = "1,2";
				VALIDATE_PRODUCT = YES;
			};
			name = Release;
		};
		12287C811D221CDC0083BA37 /* Debug */ = {
			isa = XCBuildConfiguration;
			buildSettings = {
				ASSETCATALOG_COMPILER_APPICON_NAME = AppIcon;
				CODE_SIGN_IDENTITY = "iPhone Developer";
				"CODE_SIGN_IDENTITY[sdk=iphoneos*]" = "iPhone Developer";
				INFOPLIST_FILE = Assignment2/Info.plist;
				IPHONEOS_DEPLOYMENT_TARGET = 9.3;
				LD_RUNPATH_SEARCH_PATHS = "$(inherited) @executable_path/Frameworks";
				PRODUCT_BUNDLE_IDENTIFIER = com.MichaelZhou.Assignment2;
				PRODUCT_NAME = "$(TARGET_NAME)";
				PROVISIONING_PROFILE = "";
			};
			name = Debug;
		};
		12287C821D221CDC0083BA37 /* Release */ = {
			isa = XCBuildConfiguration;
			buildSettings = {
				ASSETCATALOG_COMPILER_APPICON_NAME = AppIcon;
				CODE_SIGN_IDENTITY = "iPhone Developer";
				"CODE_SIGN_IDENTITY[sdk=iphoneos*]" = "iPhone Developer";
				INFOPLIST_FILE = Assignment2/Info.plist;
				IPHONEOS_DEPLOYMENT_TARGET = 9.3;
				LD_RUNPATH_SEARCH_PATHS = "$(inherited) @executable_path/Frameworks";
				PRODUCT_BUNDLE_IDENTIFIER = com.MichaelZhou.Assignment2;
				PRODUCT_NAME = "$(TARGET_NAME)";
				PROVISIONING_PROFILE = "";
			};
			name = Release;
		};
		12287C841D221CDC0083BA37 /* Debug */ = {
			isa = XCBuildConfiguration;
			buildSettings = {
				BUNDLE_LOADER = "$(TEST_HOST)";
				INFOPLIST_FILE = Assignment2Tests/Info.plist;
				LD_RUNPATH_SEARCH_PATHS = "$(inherited) @executable_path/Frameworks @loader_path/Frameworks";
				PRODUCT_BUNDLE_IDENTIFIER = com.MichaelZhou.Assignment2Tests;
				PRODUCT_NAME = "$(TARGET_NAME)";
				TEST_HOST = "$(BUILT_PRODUCTS_DIR)/Assignment2.app/Assignment2";
			};
			name = Debug;
		};
		12287C851D221CDC0083BA37 /* Release */ = {
			isa = XCBuildConfiguration;
			buildSettings = {
				BUNDLE_LOADER = "$(TEST_HOST)";
				INFOPLIST_FILE = Assignment2Tests/Info.plist;
				LD_RUNPATH_SEARCH_PATHS = "$(inherited) @executable_path/Frameworks @loader_path/Frameworks";
				PRODUCT_BUNDLE_IDENTIFIER = com.MichaelZhou.Assignment2Tests;
				PRODUCT_NAME = "$(TARGET_NAME)";
				TEST_HOST = "$(BUILT_PRODUCTS_DIR)/Assignment2.app/Assignment2";
			};
			name = Release;
		};
		12287C871D221CDC0083BA37 /* Debug */ = {
			isa = XCBuildConfiguration;
			buildSettings = {
				INFOPLIST_FILE = Assignment2UITests/Info.plist;
				LD_RUNPATH_SEARCH_PATHS = "$(inherited) @executable_path/Frameworks @loader_path/Frameworks";
				PRODUCT_BUNDLE_IDENTIFIER = com.MichaelZhou.Assignment2UITests;
				PRODUCT_NAME = "$(TARGET_NAME)";
				TEST_TARGET_NAME = Assignment2;
			};
			name = Debug;
		};
		12287C881D221CDC0083BA37 /* Release */ = {
			isa = XCBuildConfiguration;
			buildSettings = {
				INFOPLIST_FILE = Assignment2UITests/Info.plist;
				LD_RUNPATH_SEARCH_PATHS = "$(inherited) @executable_path/Frameworks @loader_path/Frameworks";
				PRODUCT_BUNDLE_IDENTIFIER = com.MichaelZhou.Assignment2UITests;
				PRODUCT_NAME = "$(TARGET_NAME)";
				TEST_TARGET_NAME = Assignment2;
			};
			name = Release;
		};
/* End XCBuildConfiguration section */

/* Begin XCConfigurationList section */
		12287C531D221CDB0083BA37 /* Build configuration list for PBXProject "Assignment2" */ = {
			isa = XCConfigurationList;
			buildConfigurations = (
				12287C7E1D221CDC0083BA37 /* Debug */,
				12287C7F1D221CDC0083BA37 /* Release */,
			);
			defaultConfigurationIsVisible = 0;
			defaultConfigurationName = Release;
		};
		12287C801D221CDC0083BA37 /* Build configuration list for PBXNativeTarget "Assignment2" */ = {
			isa = XCConfigurationList;
			buildConfigurations = (
				12287C811D221CDC0083BA37 /* Debug */,
				12287C821D221CDC0083BA37 /* Release */,
			);
			defaultConfigurationIsVisible = 0;
			defaultConfigurationName = Release;
		};
		12287C831D221CDC0083BA37 /* Build configuration list for PBXNativeTarget "Assignment2Tests" */ = {
			isa = XCConfigurationList;
			buildConfigurations = (
				12287C841D221CDC0083BA37 /* Debug */,
				12287C851D221CDC0083BA37 /* Release */,
			);
			defaultConfigurationIsVisible = 0;
			defaultConfigurationName = Release;
		};
		12287C861D221CDC0083BA37 /* Build configuration list for PBXNativeTarget "Assignment2UITests" */ = {
			isa = XCConfigurationList;
			buildConfigurations = (
				12287C871D221CDC0083BA37 /* Debug */,
				12287C881D221CDC0083BA37 /* Release */,
			);
			defaultConfigurationIsVisible = 0;
			defaultConfigurationName = Release;
		};
/* End XCConfigurationList section */
	};
	rootObject = 12287C501D221CDB0083BA37 /* Project object */;
}
