// !$*UTF8*$!
{
	archiveVersion = 1;
	classes = {
	};
	objectVersion = 46;
	objects = {

/* Begin PBXBuildFile section */
		12DBD1B11D3430D100C498DE /* AppDelegate.swift in Sources */ = {isa = PBXBuildFile; fileRef = 12DBD1B01D3430D100C498DE /* AppDelegate.swift */; };
		12DBD1B31D3430D100C498DE /* ViewController.swift in Sources */ = {isa = PBXBuildFile; fileRef = 12DBD1B21D3430D100C498DE /* ViewController.swift */; };
		12DBD1B61D3430D100C498DE /* Main.storyboard in Resources */ = {isa = PBXBuildFile; fileRef = 12DBD1B41D3430D100C498DE /* Main.storyboard */; };
		12DBD1B81D3430D100C498DE /* Assets.xcassets in Resources */ = {isa = PBXBuildFile; fileRef = 12DBD1B71D3430D100C498DE /* Assets.xcassets */; };
		12DBD1BB1D3430D100C498DE /* LaunchScreen.storyboard in Resources */ = {isa = PBXBuildFile; fileRef = 12DBD1B91D3430D100C498DE /* LaunchScreen.storyboard */; };
		12DBD1C61D3430D100C498DE /* Lecture6Tests.swift in Sources */ = {isa = PBXBuildFile; fileRef = 12DBD1C51D3430D100C498DE /* Lecture6Tests.swift */; };
		12DBD1D11D3430D200C498DE /* Lecture6UITests.swift in Sources */ = {isa = PBXBuildFile; fileRef = 12DBD1D01D3430D200C498DE /* Lecture6UITests.swift */; };
		12DBD1DF1D34392300C498DE /* ExampleProtocol.swift in Sources */ = {isa = PBXBuildFile; fileRef = 12DBD1DE1D34392300C498DE /* ExampleProtocol.swift */; };
/* End PBXBuildFile section */

/* Begin PBXContainerItemProxy section */
		12DBD1C21D3430D100C498DE /* PBXContainerItemProxy */ = {
			isa = PBXContainerItemProxy;
			containerPortal = 12DBD1A51D3430D100C498DE /* Project object */;
			proxyType = 1;
			remoteGlobalIDString = 12DBD1AC1D3430D100C498DE;
			remoteInfo = Lecture6;
		};
		12DBD1CD1D3430D100C498DE /* PBXContainerItemProxy */ = {
			isa = PBXContainerItemProxy;
			containerPortal = 12DBD1A51D3430D100C498DE /* Project object */;
			proxyType = 1;
			remoteGlobalIDString = 12DBD1AC1D3430D100C498DE;
			remoteInfo = Lecture6;
		};
/* End PBXContainerItemProxy section */

/* Begin PBXFileReference section */
		12DBD1AD1D3430D100C498DE /* Lecture6.app */ = {isa = PBXFileReference; explicitFileType = wrapper.application; includeInIndex = 0; path = Lecture6.app; sourceTree = BUILT_PRODUCTS_DIR; };
		12DBD1B01D3430D100C498DE /* AppDelegate.swift */ = {isa = PBXFileReference; lastKnownFileType = sourcecode.swift; path = AppDelegate.swift; sourceTree = "<group>"; };
		12DBD1B21D3430D100C498DE /* ViewController.swift */ = {isa = PBXFileReference; lastKnownFileType = sourcecode.swift; path = ViewController.swift; sourceTree = "<group>"; };
		12DBD1B51D3430D100C498DE /* Base */ = {isa = PBXFileReference; lastKnownFileType = file.storyboard; name = Base; path = Base.lproj/Main.storyboard; sourceTree = "<group>"; };
		12DBD1B71D3430D100C498DE /* Assets.xcassets */ = {isa = PBXFileReference; lastKnownFileType = folder.assetcatalog; path = Assets.xcassets; sourceTree = "<group>"; };
		12DBD1BA1D3430D100C498DE /* Base */ = {isa = PBXFileReference; lastKnownFileType = file.storyboard; name = Base; path = Base.lproj/LaunchScreen.storyboard; sourceTree = "<group>"; };
		12DBD1BC1D3430D100C498DE /* Info.plist */ = {isa = PBXFileReference; lastKnownFileType = text.plist.xml; path = Info.plist; sourceTree = "<group>"; };
		12DBD1C11D3430D100C498DE /* Lecture6Tests.xctest */ = {isa = PBXFileReference; explicitFileType = wrapper.cfbundle; includeInIndex = 0; path = Lecture6Tests.xctest; sourceTree = BUILT_PRODUCTS_DIR; };
		12DBD1C51D3430D100C498DE /* Lecture6Tests.swift */ = {isa = PBXFileReference; lastKnownFileType = sourcecode.swift; path = Lecture6Tests.swift; sourceTree = "<group>"; };
		12DBD1C71D3430D100C498DE /* Info.plist */ = {isa = PBXFileReference; lastKnownFileType = text.plist.xml; path = Info.plist; sourceTree = "<group>"; };
		12DBD1CC1D3430D100C498DE /* Lecture6UITests.xctest */ = {isa = PBXFileReference; explicitFileType = wrapper.cfbundle; includeInIndex = 0; path = Lecture6UITests.xctest; sourceTree = BUILT_PRODUCTS_DIR; };
		12DBD1D01D3430D200C498DE /* Lecture6UITests.swift */ = {isa = PBXFileReference; lastKnownFileType = sourcecode.swift; path = Lecture6UITests.swift; sourceTree = "<group>"; };
		12DBD1D21D3430D200C498DE /* Info.plist */ = {isa = PBXFileReference; lastKnownFileType = text.plist.xml; path = Info.plist; sourceTree = "<group>"; };
		12DBD1DE1D34392300C498DE /* ExampleProtocol.swift */ = {isa = PBXFileReference; fileEncoding = 4; lastKnownFileType = sourcecode.swift; path = ExampleProtocol.swift; sourceTree = "<group>"; };
/* End PBXFileReference section */

/* Begin PBXFrameworksBuildPhase section */
		12DBD1AA1D3430D100C498DE /* Frameworks */ = {
			isa = PBXFrameworksBuildPhase;
			buildActionMask = 2147483647;
			files = (
			);
			runOnlyForDeploymentPostprocessing = 0;
		};
		12DBD1BE1D3430D100C498DE /* Frameworks */ = {
			isa = PBXFrameworksBuildPhase;
			buildActionMask = 2147483647;
			files = (
			);
			runOnlyForDeploymentPostprocessing = 0;
		};
		12DBD1C91D3430D100C498DE /* Frameworks */ = {
			isa = PBXFrameworksBuildPhase;
			buildActionMask = 2147483647;
			files = (
			);
			runOnlyForDeploymentPostprocessing = 0;
		};
/* End PBXFrameworksBuildPhase section */

/* Begin PBXGroup section */
		12DBD1A41D3430D100C498DE = {
			isa = PBXGroup;
			children = (
				12DBD1AF1D3430D100C498DE /* Lecture6 */,
				12DBD1C41D3430D100C498DE /* Lecture6Tests */,
				12DBD1CF1D3430D200C498DE /* Lecture6UITests */,
				12DBD1AE1D3430D100C498DE /* Products */,
			);
			sourceTree = "<group>";
		};
		12DBD1AE1D3430D100C498DE /* Products */ = {
			isa = PBXGroup;
			children = (
				12DBD1AD1D3430D100C498DE /* Lecture6.app */,
				12DBD1C11D3430D100C498DE /* Lecture6Tests.xctest */,
				12DBD1CC1D3430D100C498DE /* Lecture6UITests.xctest */,
			);
			name = Products;
			sourceTree = "<group>";
		};
		12DBD1AF1D3430D100C498DE /* Lecture6 */ = {
			isa = PBXGroup;
			children = (
				12DBD1B01D3430D100C498DE /* AppDelegate.swift */,
				12DBD1DE1D34392300C498DE /* ExampleProtocol.swift */,
				12DBD1B21D3430D100C498DE /* ViewController.swift */,
				12DBD1B41D3430D100C498DE /* Main.storyboard */,
				12DBD1B71D3430D100C498DE /* Assets.xcassets */,
				12DBD1B91D3430D100C498DE /* LaunchScreen.storyboard */,
				12DBD1BC1D3430D100C498DE /* Info.plist */,
			);
			path = Lecture6;
			sourceTree = "<group>";
		};
		12DBD1C41D3430D100C498DE /* Lecture6Tests */ = {
			isa = PBXGroup;
			children = (
				12DBD1C51D3430D100C498DE /* Lecture6Tests.swift */,
				12DBD1C71D3430D100C498DE /* Info.plist */,
			);
			path = Lecture6Tests;
			sourceTree = "<group>";
		};
		12DBD1CF1D3430D200C498DE /* Lecture6UITests */ = {
			isa = PBXGroup;
			children = (
				12DBD1D01D3430D200C498DE /* Lecture6UITests.swift */,
				12DBD1D21D3430D200C498DE /* Info.plist */,
			);
			path = Lecture6UITests;
			sourceTree = "<group>";
		};
/* End PBXGroup section */

/* Begin PBXNativeTarget section */
		12DBD1AC1D3430D100C498DE /* Lecture6 */ = {
			isa = PBXNativeTarget;
			buildConfigurationList = 12DBD1D51D3430D200C498DE /* Build configuration list for PBXNativeTarget "Lecture6" */;
			buildPhases = (
				12DBD1A91D3430D100C498DE /* Sources */,
				12DBD1AA1D3430D100C498DE /* Frameworks */,
				12DBD1AB1D3430D100C498DE /* Resources */,
			);
			buildRules = (
			);
			dependencies = (
			);
			name = Lecture6;
			productName = Lecture6;
			productReference = 12DBD1AD1D3430D100C498DE /* Lecture6.app */;
			productType = "com.apple.product-type.application";
		};
		12DBD1C01D3430D100C498DE /* Lecture6Tests */ = {
			isa = PBXNativeTarget;
			buildConfigurationList = 12DBD1D81D3430D200C498DE /* Build configuration list for PBXNativeTarget "Lecture6Tests" */;
			buildPhases = (
				12DBD1BD1D3430D100C498DE /* Sources */,
				12DBD1BE1D3430D100C498DE /* Frameworks */,
				12DBD1BF1D3430D100C498DE /* Resources */,
			);
			buildRules = (
			);
			dependencies = (
				12DBD1C31D3430D100C498DE /* PBXTargetDependency */,
			);
			name = Lecture6Tests;
			productName = Lecture6Tests;
			productReference = 12DBD1C11D3430D100C498DE /* Lecture6Tests.xctest */;
			productType = "com.apple.product-type.bundle.unit-test";
		};
		12DBD1CB1D3430D100C498DE /* Lecture6UITests */ = {
			isa = PBXNativeTarget;
			buildConfigurationList = 12DBD1DB1D3430D200C498DE /* Build configuration list for PBXNativeTarget "Lecture6UITests" */;
			buildPhases = (
				12DBD1C81D3430D100C498DE /* Sources */,
				12DBD1C91D3430D100C498DE /* Frameworks */,
				12DBD1CA1D3430D100C498DE /* Resources */,
			);
			buildRules = (
			);
			dependencies = (
				12DBD1CE1D3430D100C498DE /* PBXTargetDependency */,
			);
			name = Lecture6UITests;
			productName = Lecture6UITests;
			productReference = 12DBD1CC1D3430D100C498DE /* Lecture6UITests.xctest */;
			productType = "com.apple.product-type.bundle.ui-testing";
		};
/* End PBXNativeTarget section */

/* Begin PBXProject section */
		12DBD1A51D3430D100C498DE /* Project object */ = {
			isa = PBXProject;
			attributes = {
				LastSwiftUpdateCheck = 0730;
				LastUpgradeCheck = 0730;
				ORGANIZATIONNAME = "Michael Zhou";
				TargetAttributes = {
					12DBD1AC1D3430D100C498DE = {
						CreatedOnToolsVersion = 7.3.1;
						DevelopmentTeam = HYEP4874B7;
					};
					12DBD1C01D3430D100C498DE = {
						CreatedOnToolsVersion = 7.3.1;
						TestTargetID = 12DBD1AC1D3430D100C498DE;
					};
					12DBD1CB1D3430D100C498DE = {
						CreatedOnToolsVersion = 7.3.1;
						TestTargetID = 12DBD1AC1D3430D100C498DE;
					};
				};
			};
			buildConfigurationList = 12DBD1A81D3430D100C498DE /* Build configuration list for PBXProject "Lecture6" */;
			compatibilityVersion = "Xcode 3.2";
			developmentRegion = English;
			hasScannedForEncodings = 0;
			knownRegions = (
				en,
				Base,
			);
			mainGroup = 12DBD1A41D3430D100C498DE;
			productRefGroup = 12DBD1AE1D3430D100C498DE /* Products */;
			projectDirPath = "";
			projectRoot = "";
			targets = (
				12DBD1AC1D3430D100C498DE /* Lecture6 */,
				12DBD1C01D3430D100C498DE /* Lecture6Tests */,
				12DBD1CB1D3430D100C498DE /* Lecture6UITests */,
			);
		};
/* End PBXProject section */

/* Begin PBXResourcesBuildPhase section */
		12DBD1AB1D3430D100C498DE /* Resources */ = {
			isa = PBXResourcesBuildPhase;
			buildActionMask = 2147483647;
			files = (
				12DBD1BB1D3430D100C498DE /* LaunchScreen.storyboard in Resources */,
				12DBD1B81D3430D100C498DE /* Assets.xcassets in Resources */,
				12DBD1B61D3430D100C498DE /* Main.storyboard in Resources */,
			);
			runOnlyForDeploymentPostprocessing = 0;
		};
		12DBD1BF1D3430D100C498DE /* Resources */ = {
			isa = PBXResourcesBuildPhase;
			buildActionMask = 2147483647;
			files = (
			);
			runOnlyForDeploymentPostprocessing = 0;
		};
		12DBD1CA1D3430D100C498DE /* Resources */ = {
			isa = PBXResourcesBuildPhase;
			buildActionMask = 2147483647;
			files = (
			);
			runOnlyForDeploymentPostprocessing = 0;
		};
/* End PBXResourcesBuildPhase section */

/* Begin PBXSourcesBuildPhase section */
		12DBD1A91D3430D100C498DE /* Sources */ = {
			isa = PBXSourcesBuildPhase;
			buildActionMask = 2147483647;
			files = (
				12DBD1B31D3430D100C498DE /* ViewController.swift in Sources */,
				12DBD1B11D3430D100C498DE /* AppDelegate.swift in Sources */,
				12DBD1DF1D34392300C498DE /* ExampleProtocol.swift in Sources */,
			);
			runOnlyForDeploymentPostprocessing = 0;
		};
		12DBD1BD1D3430D100C498DE /* Sources */ = {
			isa = PBXSourcesBuildPhase;
			buildActionMask = 2147483647;
			files = (
				12DBD1C61D3430D100C498DE /* Lecture6Tests.swift in Sources */,
			);
			runOnlyForDeploymentPostprocessing = 0;
		};
		12DBD1C81D3430D100C498DE /* Sources */ = {
			isa = PBXSourcesBuildPhase;
			buildActionMask = 2147483647;
			files = (
				12DBD1D11D3430D200C498DE /* Lecture6UITests.swift in Sources */,
			);
			runOnlyForDeploymentPostprocessing = 0;
		};
/* End PBXSourcesBuildPhase section */

/* Begin PBXTargetDependency section */
		12DBD1C31D3430D100C498DE /* PBXTargetDependency */ = {
			isa = PBXTargetDependency;
			target = 12DBD1AC1D3430D100C498DE /* Lecture6 */;
			targetProxy = 12DBD1C21D3430D100C498DE /* PBXContainerItemProxy */;
		};
		12DBD1CE1D3430D100C498DE /* PBXTargetDependency */ = {
			isa = PBXTargetDependency;
			target = 12DBD1AC1D3430D100C498DE /* Lecture6 */;
			targetProxy = 12DBD1CD1D3430D100C498DE /* PBXContainerItemProxy */;
		};
/* End PBXTargetDependency section */

/* Begin PBXVariantGroup section */
		12DBD1B41D3430D100C498DE /* Main.storyboard */ = {
			isa = PBXVariantGroup;
			children = (
				12DBD1B51D3430D100C498DE /* Base */,
			);
			name = Main.storyboard;
			sourceTree = "<group>";
		};
		12DBD1B91D3430D100C498DE /* LaunchScreen.storyboard */ = {
			isa = PBXVariantGroup;
			children = (
				12DBD1BA1D3430D100C498DE /* Base */,
			);
			name = LaunchScreen.storyboard;
			sourceTree = "<group>";
		};
/* End PBXVariantGroup section */

/* Begin XCBuildConfiguration section */
		12DBD1D31D3430D200C498DE /* Debug */ = {
			isa = XCBuildConfiguration;
			buildSettings = {
				ALWAYS_SEARCH_USER_PATHS = NO;
				CLANG_ANALYZER_NONNULL = YES;
				CLANG_CXX_LANGUAGE_STANDARD = "gnu++0x";
				CLANG_CXX_LIBRARY = "libc++";
				CLANG_ENABLE_MODULES = YES;
				CLANG_ENABLE_OBJC_ARC = YES;
				CLANG_WARN_BOOL_CONVERSION = YES;
				CLANG_WARN_CONSTANT_CONVERSION = YES;
				CLANG_WARN_DIRECT_OBJC_ISA_USAGE = YES_ERROR;
				CLANG_WARN_EMPTY_BODY = YES;
				CLANG_WARN_ENUM_CONVERSION = YES;
				CLANG_WARN_INT_CONVERSION = YES;
				CLANG_WARN_OBJC_ROOT_CLASS = YES_ERROR;
				CLANG_WARN_UNREACHABLE_CODE = YES;
				CLANG_WARN__DUPLICATE_METHOD_MATCH = YES;
				"CODE_SIGN_IDENTITY[sdk=iphoneos*]" = "iPhone Developer";
				COPY_PHASE_STRIP = NO;
				DEBUG_INFORMATION_FORMAT = dwarf;
				ENABLE_STRICT_OBJC_MSGSEND = YES;
				ENABLE_TESTABILITY = YES;
				GCC_C_LANGUAGE_STANDARD = gnu99;
				GCC_DYNAMIC_NO_PIC = NO;
				GCC_NO_COMMON_BLOCKS = YES;
				GCC_OPTIMIZATION_LEVEL = 0;
				GCC_PREPROCESSOR_DEFINITIONS = (
					"DEBUG=1",
					"$(inherited)",
				);
				GCC_WARN_64_TO_32_BIT_CONVERSION = YES;
				GCC_WARN_ABOUT_RETURN_TYPE = YES_ERROR;
				GCC_WARN_UNDECLARED_SELECTOR = YES;
				GCC_WARN_UNINITIALIZED_AUTOS = YES_AGGRESSIVE;
				GCC_WARN_UNUSED_FUNCTION = YES;
				GCC_WARN_UNUSED_VARIABLE = YES;
				IPHONEOS_DEPLOYMENT_TARGET = 9.3;
				MTL_ENABLE_DEBUG_INFO = YES;
				ONLY_ACTIVE_ARCH = YES;
				SDKROOT = iphoneos;
				SWIFT_OPTIMIZATION_LEVEL = "-Onone";
				TARGETED_DEVICE_FAMILY = "1,2";
			};
			name = Debug;
		};
		12DBD1D41D3430D200C498DE /* Release */ = {
			isa = XCBuildConfiguration;
			buildSettings = {
				ALWAYS_SEARCH_USER_PATHS = NO;
				CLANG_ANALYZER_NONNULL = YES;
				CLANG_CXX_LANGUAGE_STANDARD = "gnu++0x";
				CLANG_CXX_LIBRARY = "libc++";
				CLANG_ENABLE_MODULES = YES;
				CLANG_ENABLE_OBJC_ARC = YES;
				CLANG_WARN_BOOL_CONVERSION = YES;
				CLANG_WARN_CONSTANT_CONVERSION = YES;
				CLANG_WARN_DIRECT_OBJC_ISA_USAGE = YES_ERROR;
				CLANG_WARN_EMPTY_BODY = YES;
				CLANG_WARN_ENUM_CONVERSION = YES;
				CLANG_WARN_INT_CONVERSION = YES;
				CLANG_WARN_OBJC_ROOT_CLASS = YES_ERROR;
				CLANG_WARN_UNREACHABLE_CODE = YES;
				CLANG_WARN__DUPLICATE_METHOD_MATCH = YES;
				"CODE_SIGN_IDENTITY[sdk=iphoneos*]" = "iPhone Developer";
				COPY_PHASE_STRIP = NO;
				DEBUG_INFORMATION_FORMAT = "dwarf-with-dsym";
				ENABLE_NS_ASSERTIONS = NO;
				ENABLE_STRICT_OBJC_MSGSEND = YES;
				GCC_C_LANGUAGE_STANDARD = gnu99;
				GCC_NO_COMMON_BLOCKS = YES;
				GCC_WARN_64_TO_32_BIT_CONVERSION = YES;
				GCC_WARN_ABOUT_RETURN_TYPE = YES_ERROR;
				GCC_WARN_UNDECLARED_SELECTOR = YES;
				GCC_WARN_UNINITIALIZED_AUTOS = YES_AGGRESSIVE;
				GCC_WARN_UNUSED_FUNCTION = YES;
				GCC_WARN_UNUSED_VARIABLE = YES;
				IPHONEOS_DEPLOYMENT_TARGET = 9.3;
				MTL_ENABLE_DEBUG_INFO = NO;
				SDKROOT = iphoneos;
				TARGETED_DEVICE_FAMILY = "1,2";
				VALIDATE_PRODUCT = YES;
			};
			name = Release;
		};
		12DBD1D61D3430D200C498DE /* Debug */ = {
			isa = XCBuildConfiguration;
			buildSettings = {
				ASSETCATALOG_COMPILER_APPICON_NAME = AppIcon;
				CODE_SIGN_IDENTITY = "iPhone Developer";
				INFOPLIST_FILE = Lecture6/Info.plist;
				LD_RUNPATH_SEARCH_PATHS = "$(inherited) @executable_path/Frameworks";
				PRODUCT_BUNDLE_IDENTIFIER = com.MichaelZhou.Lecture6;
				PRODUCT_NAME = "$(TARGET_NAME)";
			};
			name = Debug;
		};
		12DBD1D71D3430D200C498DE /* Release */ = {
			isa = XCBuildConfiguration;
			buildSettings = {
				ASSETCATALOG_COMPILER_APPICON_NAME = AppIcon;
				CODE_SIGN_IDENTITY = "iPhone Developer";
				INFOPLIST_FILE = Lecture6/Info.plist;
				LD_RUNPATH_SEARCH_PATHS = "$(inherited) @executable_path/Frameworks";
				PRODUCT_BUNDLE_IDENTIFIER = com.MichaelZhou.Lecture6;
				PRODUCT_NAME = "$(TARGET_NAME)";
			};
			name = Release;
		};
		12DBD1D91D3430D200C498DE /* Debug */ = {
			isa = XCBuildConfiguration;
			buildSettings = {
				BUNDLE_LOADER = "$(TEST_HOST)";
				INFOPLIST_FILE = Lecture6Tests/Info.plist;
				LD_RUNPATH_SEARCH_PATHS = "$(inherited) @executable_path/Frameworks @loader_path/Frameworks";
				PRODUCT_BUNDLE_IDENTIFIER = com.MichaelZhou.Lecture6Tests;
				PRODUCT_NAME = "$(TARGET_NAME)";
				TEST_HOST = "$(BUILT_PRODUCTS_DIR)/Lecture6.app/Lecture6";
			};
			name = Debug;
		};
		12DBD1DA1D3430D200C498DE /* Release */ = {
			isa = XCBuildConfiguration;
			buildSettings = {
				BUNDLE_LOADER = "$(TEST_HOST)";
				INFOPLIST_FILE = Lecture6Tests/Info.plist;
				LD_RUNPATH_SEARCH_PATHS = "$(inherited) @executable_path/Frameworks @loader_path/Frameworks";
				PRODUCT_BUNDLE_IDENTIFIER = com.MichaelZhou.Lecture6Tests;
				PRODUCT_NAME = "$(TARGET_NAME)";
				TEST_HOST = "$(BUILT_PRODUCTS_DIR)/Lecture6.app/Lecture6";
			};
			name = Release;
		};
		12DBD1DC1D3430D200C498DE /* Debug */ = {
			isa = XCBuildConfiguration;
			buildSettings = {
				INFOPLIST_FILE = Lecture6UITests/Info.plist;
				LD_RUNPATH_SEARCH_PATHS = "$(inherited) @executable_path/Frameworks @loader_path/Frameworks";
				PRODUCT_BUNDLE_IDENTIFIER = com.MichaelZhou.Lecture6UITests;
				PRODUCT_NAME = "$(TARGET_NAME)";
				TEST_TARGET_NAME = Lecture6;
			};
			name = Debug;
		};
		12DBD1DD1D3430D200C498DE /* Release */ = {
			isa = XCBuildConfiguration;
			buildSettings = {
				INFOPLIST_FILE = Lecture6UITests/Info.plist;
				LD_RUNPATH_SEARCH_PATHS = "$(inherited) @executable_path/Frameworks @loader_path/Frameworks";
				PRODUCT_BUNDLE_IDENTIFIER = com.MichaelZhou.Lecture6UITests;
				PRODUCT_NAME = "$(TARGET_NAME)";
				TEST_TARGET_NAME = Lecture6;
			};
			name = Release;
		};
/* End XCBuildConfiguration section */

/* Begin XCConfigurationList section */
		12DBD1A81D3430D100C498DE /* Build configuration list for PBXProject "Lecture6" */ = {
			isa = XCConfigurationList;
			buildConfigurations = (
				12DBD1D31D3430D200C498DE /* Debug */,
				12DBD1D41D3430D200C498DE /* Release */,
			);
			defaultConfigurationIsVisible = 0;
			defaultConfigurationName = Release;
		};
		12DBD1D51D3430D200C498DE /* Build configuration list for PBXNativeTarget "Lecture6" */ = {
			isa = XCConfigurationList;
			buildConfigurations = (
				12DBD1D61D3430D200C498DE /* Debug */,
				12DBD1D71D3430D200C498DE /* Release */,
			);
			defaultConfigurationIsVisible = 0;
		};
		12DBD1D81D3430D200C498DE /* Build configuration list for PBXNativeTarget "Lecture6Tests" */ = {
			isa = XCConfigurationList;
			buildConfigurations = (
				12DBD1D91D3430D200C498DE /* Debug */,
				12DBD1DA1D3430D200C498DE /* Release */,
			);
			defaultConfigurationIsVisible = 0;
		};
		12DBD1DB1D3430D200C498DE /* Build configuration list for PBXNativeTarget "Lecture6UITests" */ = {
			isa = XCConfigurationList;
			buildConfigurations = (
				12DBD1DC1D3430D200C498DE /* Debug */,
				12DBD1DD1D3430D200C498DE /* Release */,
			);
			defaultConfigurationIsVisible = 0;
		};
/* End XCConfigurationList section */
	};
	rootObject = 12DBD1A51D3430D100C498DE /* Project object */;
}
