// !$*UTF8*$!
{
	archiveVersion = 1;
	classes = {
	};
	objectVersion = 46;
	objects = {

/* Begin PBXBuildFile section */
		433FB3A51D1C4549001DEC95 /* AppDelegate.swift in Sources */ = {isa = PBXBuildFile; fileRef = 433FB3A41D1C4549001DEC95 /* AppDelegate.swift */; };
		433FB3AC1D1C4549001DEC95 /* Assets.xcassets in Resources */ = {isa = PBXBuildFile; fileRef = 433FB3AB1D1C4549001DEC95 /* Assets.xcassets */; };
		433FB3AF1D1C4549001DEC95 /* LaunchScreen.storyboard in Resources */ = {isa = PBXBuildFile; fileRef = 433FB3AD1D1C4549001DEC95 /* LaunchScreen.storyboard */; };
		433FB3B81D1C4683001DEC95 /* AdaptiveSingleView.storyboard in Resources */ = {isa = PBXBuildFile; fileRef = 433FB3B61D1C4683001DEC95 /* AdaptiveSingleView.storyboard */; };
		433FB3B91D1C4683001DEC95 /* AdaptiveSingleView.txt in Resources */ = {isa = PBXBuildFile; fileRef = 433FB3B71D1C4683001DEC95 /* AdaptiveSingleView.txt */; };
		433FB3BD1D1C486B001DEC95 /* Exercise3-Landscape.png in Resources */ = {isa = PBXBuildFile; fileRef = 433FB3BB1D1C486B001DEC95 /* Exercise3-Landscape.png */; };
		433FB3BE1D1C486B001DEC95 /* Exercise3-Portrait.png in Resources */ = {isa = PBXBuildFile; fileRef = 433FB3BC1D1C486B001DEC95 /* Exercise3-Portrait.png */; };
/* End PBXBuildFile section */

/* Begin PBXFileReference section */
		433FB3A11D1C4549001DEC95 /* Exercise3.app */ = {isa = PBXFileReference; explicitFileType = wrapper.application; includeInIndex = 0; path = Exercise3.app; sourceTree = BUILT_PRODUCTS_DIR; };
		433FB3A41D1C4549001DEC95 /* AppDelegate.swift */ = {isa = PBXFileReference; lastKnownFileType = sourcecode.swift; path = AppDelegate.swift; sourceTree = "<group>"; };
		433FB3AB1D1C4549001DEC95 /* Assets.xcassets */ = {isa = PBXFileReference; lastKnownFileType = folder.assetcatalog; path = Assets.xcassets; sourceTree = "<group>"; };
		433FB3AE1D1C4549001DEC95 /* Base */ = {isa = PBXFileReference; lastKnownFileType = file.storyboard; name = Base; path = Base.lproj/LaunchScreen.storyboard; sourceTree = "<group>"; };
		433FB3B01D1C4549001DEC95 /* Info.plist */ = {isa = PBXFileReference; lastKnownFileType = text.plist.xml; path = Info.plist; sourceTree = "<group>"; };
		433FB3B61D1C4683001DEC95 /* AdaptiveSingleView.storyboard */ = {isa = PBXFileReference; fileEncoding = 4; lastKnownFileType = file.storyboard; path = AdaptiveSingleView.storyboard; sourceTree = "<group>"; };
		433FB3B71D1C4683001DEC95 /* AdaptiveSingleView.txt */ = {isa = PBXFileReference; fileEncoding = 4; lastKnownFileType = text; name = AdaptiveSingleView.txt; path = Exercise3/AdaptiveSingleView.txt; sourceTree = "<group>"; };
		433FB3BB1D1C486B001DEC95 /* Exercise3-Landscape.png */ = {isa = PBXFileReference; lastKnownFileType = image.png; name = "Exercise3-Landscape.png"; path = "Exercise3/Exercise3-Landscape.png"; sourceTree = "<group>"; };
		433FB3BC1D1C486B001DEC95 /* Exercise3-Portrait.png */ = {isa = PBXFileReference; lastKnownFileType = image.png; name = "Exercise3-Portrait.png"; path = "Exercise3/Exercise3-Portrait.png"; sourceTree = "<group>"; };
/* End PBXFileReference section */

/* Begin PBXFrameworksBuildPhase section */
		433FB39E1D1C4549001DEC95 /* Frameworks */ = {
			isa = PBXFrameworksBuildPhase;
			buildActionMask = 2147483647;
			files = (
			);
			runOnlyForDeploymentPostprocessing = 0;
		};
/* End PBXFrameworksBuildPhase section */

/* Begin PBXGroup section */
		433FB3981D1C4549001DEC95 = {
			isa = PBXGroup;
			children = (
				433FB3BA1D1C4689001DEC95 /* Resources */,
				433FB3A31D1C4549001DEC95 /* Exercise3 */,
				433FB3A21D1C4549001DEC95 /* Products */,
			);
			sourceTree = "<group>";
		};
		433FB3A21D1C4549001DEC95 /* Products */ = {
			isa = PBXGroup;
			children = (
				433FB3A11D1C4549001DEC95 /* Exercise3.app */,
			);
			name = Products;
			sourceTree = "<group>";
		};
		433FB3A31D1C4549001DEC95 /* Exercise3 */ = {
			isa = PBXGroup;
			children = (
				433FB3B61D1C4683001DEC95 /* AdaptiveSingleView.storyboard */,
				433FB3A41D1C4549001DEC95 /* AppDelegate.swift */,
				433FB3AB1D1C4549001DEC95 /* Assets.xcassets */,
				433FB3AD1D1C4549001DEC95 /* LaunchScreen.storyboard */,
				433FB3B01D1C4549001DEC95 /* Info.plist */,
			);
			path = Exercise3;
			sourceTree = "<group>";
		};
		433FB3BA1D1C4689001DEC95 /* Resources */ = {
			isa = PBXGroup;
			children = (
				433FB3BB1D1C486B001DEC95 /* Exercise3-Landscape.png */,
				433FB3BC1D1C486B001DEC95 /* Exercise3-Portrait.png */,
				433FB3B71D1C4683001DEC95 /* AdaptiveSingleView.txt */,
			);
			name = Resources;
			sourceTree = "<group>";
		};
/* End PBXGroup section */

/* Begin PBXNativeTarget section */
		433FB3A01D1C4549001DEC95 /* Exercise3 */ = {
			isa = PBXNativeTarget;
			buildConfigurationList = 433FB3B31D1C4549001DEC95 /* Build configuration list for PBXNativeTarget "Exercise3" */;
			buildPhases = (
				433FB39D1D1C4549001DEC95 /* Sources */,
				433FB39E1D1C4549001DEC95 /* Frameworks */,
				433FB39F1D1C4549001DEC95 /* Resources */,
			);
			buildRules = (
			);
			dependencies = (
			);
			name = Exercise3;
			productName = Exercise3;
			productReference = 433FB3A11D1C4549001DEC95 /* Exercise3.app */;
			productType = "com.apple.product-type.application";
		};
/* End PBXNativeTarget section */

/* Begin PBXProject section */
		433FB3991D1C4549001DEC95 /* Project object */ = {
			isa = PBXProject;
			attributes = {
				LastSwiftUpdateCheck = 0730;
				LastUpgradeCheck = 0730;
				ORGANIZATIONNAME = nate;
				TargetAttributes = {
					433FB3A01D1C4549001DEC95 = {
						CreatedOnToolsVersion = 7.3.1;
					};
				};
			};
			buildConfigurationList = 433FB39C1D1C4549001DEC95 /* Build configuration list for PBXProject "Exercise3" */;
			compatibilityVersion = "Xcode 3.2";
			developmentRegion = English;
			hasScannedForEncodings = 0;
			knownRegions = (
				en,
				Base,
			);
			mainGroup = 433FB3981D1C4549001DEC95;
			productRefGroup = 433FB3A21D1C4549001DEC95 /* Products */;
			projectDirPath = "";
			projectRoot = "";
			targets = (
				433FB3A01D1C4549001DEC95 /* Exercise3 */,
			);
		};
/* End PBXProject section */

/* Begin PBXResourcesBuildPhase section */
		433FB39F1D1C4549001DEC95 /* Resources */ = {
			isa = PBXResourcesBuildPhase;
			buildActionMask = 2147483647;
			files = (
				433FB3BE1D1C486B001DEC95 /* Exercise3-Portrait.png in Resources */,
				433FB3BD1D1C486B001DEC95 /* Exercise3-Landscape.png in Resources */,
				433FB3AF1D1C4549001DEC95 /* LaunchScreen.storyboard in Resources */,
				433FB3AC1D1C4549001DEC95 /* Assets.xcassets in Resources */,
				433FB3B91D1C4683001DEC95 /* AdaptiveSingleView.txt in Resources */,
				433FB3B81D1C4683001DEC95 /* AdaptiveSingleView.storyboard in Resources */,
			);
			runOnlyForDeploymentPostprocessing = 0;
		};
/* End PBXResourcesBuildPhase section */

/* Begin PBXSourcesBuildPhase section */
		433FB39D1D1C4549001DEC95 /* Sources */ = {
			isa = PBXSourcesBuildPhase;
			buildActionMask = 2147483647;
			files = (
				433FB3A51D1C4549001DEC95 /* AppDelegate.swift in Sources */,
			);
			runOnlyForDeploymentPostprocessing = 0;
		};
/* End PBXSourcesBuildPhase section */

/* Begin PBXVariantGroup section */
		433FB3AD1D1C4549001DEC95 /* LaunchScreen.storyboard */ = {
			isa = PBXVariantGroup;
			children = (
				433FB3AE1D1C4549001DEC95 /* Base */,
			);
			name = LaunchScreen.storyboard;
			sourceTree = "<group>";
		};
/* End PBXVariantGroup section */

/* Begin XCBuildConfiguration section */
		433FB3B11D1C4549001DEC95 /* Debug */ = {
			isa = XCBuildConfiguration;
			buildSettings = {
				ALWAYS_SEARCH_USER_PATHS = NO;
				CLANG_ANALYZER_NONNULL = YES;
				CLANG_CXX_LANGUAGE_STANDARD = "gnu++0x";
				CLANG_CXX_LIBRARY = "libc++";
				CLANG_ENABLE_MODULES = YES;
				CLANG_ENABLE_OBJC_ARC = YES;
				CLANG_WARN_BOOL_CONVERSION = YES;
				CLANG_WARN_CONSTANT_CONVERSION = YES;
				CLANG_WARN_DIRECT_OBJC_ISA_USAGE = YES_ERROR;
				CLANG_WARN_EMPTY_BODY = YES;
				CLANG_WARN_ENUM_CONVERSION = YES;
				CLANG_WARN_INT_CONVERSION = YES;
				CLANG_WARN_OBJC_ROOT_CLASS = YES_ERROR;
				CLANG_WARN_UNREACHABLE_CODE = YES;
				CLANG_WARN__DUPLICATE_METHOD_MATCH = YES;
				"CODE_SIGN_IDENTITY[sdk=iphoneos*]" = "iPhone Developer";
				COPY_PHASE_STRIP = NO;
				DEBUG_INFORMATION_FORMAT = dwarf;
				ENABLE_STRICT_OBJC_MSGSEND = YES;
				ENABLE_TESTABILITY = YES;
				GCC_C_LANGUAGE_STANDARD = gnu99;
				GCC_DYNAMIC_NO_PIC = NO;
				GCC_NO_COMMON_BLOCKS = YES;
				GCC_OPTIMIZATION_LEVEL = 0;
				GCC_PREPROCESSOR_DEFINITIONS = (
					"DEBUG=1",
					"$(inherited)",
				);
				GCC_WARN_64_TO_32_BIT_CONVERSION = YES;
				GCC_WARN_ABOUT_RETURN_TYPE = YES_ERROR;
				GCC_WARN_UNDECLARED_SELECTOR = YES;
				GCC_WARN_UNINITIALIZED_AUTOS = YES_AGGRESSIVE;
				GCC_WARN_UNUSED_FUNCTION = YES;
				GCC_WARN_UNUSED_VARIABLE = YES;
				IPHONEOS_DEPLOYMENT_TARGET = 9.3;
				MTL_ENABLE_DEBUG_INFO = YES;
				ONLY_ACTIVE_ARCH = YES;
				SDKROOT = iphoneos;
				SWIFT_OPTIMIZATION_LEVEL = "-Onone";
				TARGETED_DEVICE_FAMILY = "1,2";
			};
			name = Debug;
		};
		433FB3B21D1C4549001DEC95 /* Release */ = {
			isa = XCBuildConfiguration;
			buildSettings = {
				ALWAYS_SEARCH_USER_PATHS = NO;
				CLANG_ANALYZER_NONNULL = YES;
				CLANG_CXX_LANGUAGE_STANDARD = "gnu++0x";
				CLANG_CXX_LIBRARY = "libc++";
				CLANG_ENABLE_MODULES = YES;
				CLANG_ENABLE_OBJC_ARC = YES;
				CLANG_WARN_BOOL_CONVERSION = YES;
				CLANG_WARN_CONSTANT_CONVERSION = YES;
				CLANG_WARN_DIRECT_OBJC_ISA_USAGE = YES_ERROR;
				CLANG_WARN_EMPTY_BODY = YES;
				CLANG_WARN_ENUM_CONVERSION = YES;
				CLANG_WARN_INT_CONVERSION = YES;
				CLANG_WARN_OBJC_ROOT_CLASS = YES_ERROR;
				CLANG_WARN_UNREACHABLE_CODE = YES;
				CLANG_WARN__DUPLICATE_METHOD_MATCH = YES;
				"CODE_SIGN_IDENTITY[sdk=iphoneos*]" = "iPhone Developer";
				COPY_PHASE_STRIP = NO;
				DEBUG_INFORMATION_FORMAT = "dwarf-with-dsym";
				ENABLE_NS_ASSERTIONS = NO;
				ENABLE_STRICT_OBJC_MSGSEND = YES;
				GCC_C_LANGUAGE_STANDARD = gnu99;
				GCC_NO_COMMON_BLOCKS = YES;
				GCC_WARN_64_TO_32_BIT_CONVERSION = YES;
				GCC_WARN_ABOUT_RETURN_TYPE = YES_ERROR;
				GCC_WARN_UNDECLARED_SELECTOR = YES;
				GCC_WARN_UNINITIALIZED_AUTOS = YES_AGGRESSIVE;
				GCC_WARN_UNUSED_FUNCTION = YES;
				GCC_WARN_UNUSED_VARIABLE = YES;
				IPHONEOS_DEPLOYMENT_TARGET = 9.3;
				MTL_ENABLE_DEBUG_INFO = NO;
				SDKROOT = iphoneos;
				TARGETED_DEVICE_FAMILY = "1,2";
				VALIDATE_PRODUCT = YES;
			};
			name = Release;
		};
		433FB3B41D1C4549001DEC95 /* Debug */ = {
			isa = XCBuildConfiguration;
			buildSettings = {
				ASSETCATALOG_COMPILER_APPICON_NAME = AppIcon;
				INFOPLIST_FILE = Exercise3/Info.plist;
				LD_RUNPATH_SEARCH_PATHS = "$(inherited) @executable_path/Frameworks";
				PRODUCT_BUNDLE_IDENTIFIER = com.nathanguerin.Exercise3;
				PRODUCT_NAME = "$(TARGET_NAME)";
			};
			name = Debug;
		};
		433FB3B51D1C4549001DEC95 /* Release */ = {
			isa = XCBuildConfiguration;
			buildSettings = {
				ASSETCATALOG_COMPILER_APPICON_NAME = AppIcon;
				INFOPLIST_FILE = Exercise3/Info.plist;
				LD_RUNPATH_SEARCH_PATHS = "$(inherited) @executable_path/Frameworks";
				PRODUCT_BUNDLE_IDENTIFIER = com.nathanguerin.Exercise3;
				PRODUCT_NAME = "$(TARGET_NAME)";
			};
			name = Release;
		};
/* End XCBuildConfiguration section */

/* Begin XCConfigurationList section */
		433FB39C1D1C4549001DEC95 /* Build configuration list for PBXProject "Exercise3" */ = {
			isa = XCConfigurationList;
			buildConfigurations = (
				433FB3B11D1C4549001DEC95 /* Debug */,
				433FB3B21D1C4549001DEC95 /* Release */,
			);
			defaultConfigurationIsVisible = 0;
			defaultConfigurationName = Release;
		};
		433FB3B31D1C4549001DEC95 /* Build configuration list for PBXNativeTarget "Exercise3" */ = {
			isa = XCConfigurationList;
			buildConfigurations = (
				433FB3B41D1C4549001DEC95 /* Debug */,
				433FB3B51D1C4549001DEC95 /* Release */,
			);
			defaultConfigurationIsVisible = 0;
		};
/* End XCConfigurationList section */
	};
	rootObject = 433FB3991D1C4549001DEC95 /* Project object */;
}
